
Microsoft Visual Studio Solution File, Format Version 11.00
# Visual Studio 2010
Project("{FAE04EC0-301F-11D3-BF4B-00C04F79EFBC}") = "CraftworkGames.Gui", "CraftworkGames.Gui.csproj", "{EE705CD4-66E4-429D-8896-1B6E89B83633}"
EndProject
Project("{FAE04EC0-301F-11D3-BF4B-00C04F79EFBC}") = "CraftworkGames.Core", "..\CraftworkGames.Core\CraftworkGames.Core.csproj", "{B18D4025-4332-4D26-843D-D90223B0BC7F}"
EndProject
Global
	GlobalSection(SolutionConfigurationPlatforms) = preSolution
		Debug|Any CPU = Debug|Any CPU
		Release|Any CPU = Release|Any CPU
	EndGlobalSection
	GlobalSection(ProjectConfigurationPlatforms) = postSolution
		{B18D4025-4332-4D26-843D-D90223B0BC7F}.Debug|Any CPU.ActiveCfg = Debug|Any CPU
		{B18D4025-4332-4D26-843D-D90223B0BC7F}.Debug|Any CPU.Build.0 = Debug|Any CPU
		{B18D4025-4332-4D26-843D-D90223B0BC7F}.Release|Any CPU.ActiveCfg = Release|Any CPU
		{B18D4025-4332-4D26-843D-D90223B0BC7F}.Release|Any CPU.Build.0 = Release|Any CPU
		{EE705CD4-66E4-429D-8896-1B6E89B83633}.Debug|Any CPU.ActiveCfg = Debug|Any CPU
		{EE705CD4-66E4-429D-8896-1B6E89B83633}.Debug|Any CPU.Build.0 = Debug|Any CPU
		{EE705CD4-66E4-429D-8896-1B6E89B83633}.Release|Any CPU.ActiveCfg = Release|Any CPU
		{EE705CD4-66E4-429D-8896-1B6E89B83633}.Release|Any CPU.Build.0 = Release|Any CPU
	EndGlobalSection
	GlobalSection(MonoDevelopProperties) = preSolution
		StartupItem = CraftworkGames.Gui.csproj
	EndGlobalSection
	GlobalSection(SolutionProperties) = preSolution
		HideSolutionNode = FALSE
	EndGlobalSection
EndGlobal
